
Microsoft Visual Studio Solution File, Format Version 12.00
# Visual Studio Version 16
VisualStudioVersion = 16.0.29709.97
MinimumVisualStudioVersion = 10.0.40219.1
Project("{FAE04EC0-301F-11D3-BF4B-00C04F79EFBC}") = "Lab3.NET", "Lab3.NET.csproj", "{68EC60BA-FEF0-4F0A-A06B-41F83586C207}"
EndProject
Global
	GlobalSection(SolutionConfigurationPlatforms) = preSolution
		Debug|Any CPU = Debug|Any CPU
		Release|Any CPU = Release|Any CPU
	EndGlobalSection
	GlobalSection(ProjectConfigurationPlatforms) = postSolution
		{68EC60BA-FEF0-4F0A-A06B-41F83586C207}.Debug|Any CPU.ActiveCfg = Debug|Any CPU
		{68EC60BA-FEF0-4F0A-A06B-41F83586C207}.Debug|Any CPU.Build.0 = Debug|Any CPU
		{68EC60BA-FEF0-4F0A-A06B-41F83586C207}.Release|Any CPU.ActiveCfg = Release|Any CPU
		{68EC60BA-FEF0-4F0A-A06B-41F83586C207}.Release|Any CPU.Build.0 = Release|Any CPU
	EndGlobalSection
	GlobalSection(SolutionProperties) = preSolution
		HideSolutionNode = FALSE
	EndGlobalSection
	GlobalSection(ExtensibilityGlobals) = postSolution
		SolutionGuid = {87E675C2-546B-4601-A408-805998F9FCB1}
	EndGlobalSection
EndGlobal
